
Microsoft Visual Studio Solution File, Format Version 12.00
# Visual Studio Version 17
VisualStudioVersion = 17.6.33801.468
MinimumVisualStudioVersion = 10.0.40219.1
Project("{FAE04EC0-301F-11D3-BF4B-00C04F79EFBC}") = "BlazorCopilot1", "BlazorCopilot1.csproj", "{35B78356-D1F8-4896-86CE-26251830C466}"
EndProject
Global
	GlobalSection(SolutionConfigurationPlatforms) = preSolution
		Debug|Any CPU = Debug|Any CPU
		Release|Any CPU = Release|Any CPU
	EndGlobalSection
	GlobalSection(ProjectConfigurationPlatforms) = postSolution
		{35B78356-D1F8-4896-86CE-26251830C466}.Debug|Any CPU.ActiveCfg = Debug|Any CPU
		{35B78356-D1F8-4896-86CE-26251830C466}.Debug|Any CPU.Build.0 = Debug|Any CPU
		{35B78356-D1F8-4896-86CE-26251830C466}.Release|Any CPU.ActiveCfg = Release|Any CPU
		{35B78356-D1F8-4896-86CE-26251830C466}.Release|Any CPU.Build.0 = Release|Any CPU
	EndGlobalSection
	GlobalSection(SolutionProperties) = preSolution
		HideSolutionNode = FALSE
	EndGlobalSection
	GlobalSection(ExtensibilityGlobals) = postSolution
		SolutionGuid = {8F07BBD1-25D6-4FAF-AE2C-C144223C2992}
	EndGlobalSection
EndGlobal
